
Microsoft Visual Studio Solution File, Format Version 12.00
# Visual Studio Version 17
VisualStudioVersion = 17.7.34031.279
MinimumVisualStudioVersion = 10.0.40219.1
Project("{FAE04EC0-301F-11D3-BF4B-00C04F79EFBC}") = "les13_delegates_events", "les13_delegates_events\les13_delegates_events.csproj", "{0F04768C-3E18-43F8-9C36-257A7989F3E1}"
EndProject
Global
	GlobalSection(SolutionConfigurationPlatforms) = preSolution
		Debug|Any CPU = Debug|Any CPU
		Release|Any CPU = Release|Any CPU
	EndGlobalSection
	GlobalSection(ProjectConfigurationPlatforms) = postSolution
		{0F04768C-3E18-43F8-9C36-257A7989F3E1}.Debug|Any CPU.ActiveCfg = Debug|Any CPU
		{0F04768C-3E18-43F8-9C36-257A7989F3E1}.Debug|Any CPU.Build.0 = Debug|Any CPU
		{0F04768C-3E18-43F8-9C36-257A7989F3E1}.Release|Any CPU.ActiveCfg = Release|Any CPU
		{0F04768C-3E18-43F8-9C36-257A7989F3E1}.Release|Any CPU.Build.0 = Release|Any CPU
	EndGlobalSection
	GlobalSection(SolutionProperties) = preSolution
		HideSolutionNode = FALSE
	EndGlobalSection
	GlobalSection(ExtensibilityGlobals) = postSolution
		SolutionGuid = {58495D29-6E52-4C43-9773-D87A6A981182}
	EndGlobalSection
EndGlobal
